
Microsoft Visual Studio Solution File, Format Version 12.00
Project("{FAE04EC0-301F-11D3-BF4B-00C04F79EFBC}") = "MusicBAWT", "MusicBAWT\MusicBAWT.csproj", "{373D21A9-AB29-4DD1-B5B9-F3CCAC0990EC}"
EndProject
Global
	GlobalSection(SolutionConfigurationPlatforms) = preSolution
		Debug|Any CPU = Debug|Any CPU
		Release|Any CPU = Release|Any CPU
	EndGlobalSection
	GlobalSection(ProjectConfigurationPlatforms) = postSolution
		{373D21A9-AB29-4DD1-B5B9-F3CCAC0990EC}.Debug|Any CPU.ActiveCfg = Debug|Any CPU
		{373D21A9-AB29-4DD1-B5B9-F3CCAC0990EC}.Debug|Any CPU.Build.0 = Debug|Any CPU
		{373D21A9-AB29-4DD1-B5B9-F3CCAC0990EC}.Release|Any CPU.ActiveCfg = Release|Any CPU
		{373D21A9-AB29-4DD1-B5B9-F3CCAC0990EC}.Release|Any CPU.Build.0 = Release|Any CPU
	EndGlobalSection
EndGlobal
